// !$*UTF8*$!
{
	archiveVersion = 1;
	classes = {
	};
	objectVersion = 46;
	objects = {

/* Begin PBXBuildFile section */
		3209A1E11F3DF92C00BDDEA6 /* Organization+CoreDataClass.m in Sources */ = {isa = PBXBuildFile; fileRef = 3209A1DE1F3DF92C00BDDEA6 /* Organization+CoreDataClass.m */; };
		3209A1E21F3DF92C00BDDEA6 /* Organization+CoreDataProperties.m in Sources */ = {isa = PBXBuildFile; fileRef = 3209A1E01F3DF92C00BDDEA6 /* Organization+CoreDataProperties.m */; };
		32185B821F3865E70023AF95 /* MainViewController.m in Sources */ = {isa = PBXBuildFile; fileRef = 32185B811F3865E70023AF95 /* MainViewController.m */; };
		32185B851F3888A30023AF95 /* DetailViewController.m in Sources */ = {isa = PBXBuildFile; fileRef = 32185B841F3888A30023AF95 /* DetailViewController.m */; };
		3230A7611F3DAF3D00E68F5B /* Model.xcdatamodeld in Sources */ = {isa = PBXBuildFile; fileRef = 3230A75F1F3DAF3D00E68F5B /* Model.xcdatamodeld */; };
		324394731F34B69F00425249 /* main.m in Sources */ = {isa = PBXBuildFile; fileRef = 324394721F34B69F00425249 /* main.m */; };
		324394761F34B69F00425249 /* AppDelegate.m in Sources */ = {isa = PBXBuildFile; fileRef = 324394751F34B69F00425249 /* AppDelegate.m */; };
		3243947C1F34B69F00425249 /* Main.storyboard in Resources */ = {isa = PBXBuildFile; fileRef = 3243947A1F34B69F00425249 /* Main.storyboard */; };
		3243947E1F34B69F00425249 /* Assets.xcassets in Resources */ = {isa = PBXBuildFile; fileRef = 3243947D1F34B69F00425249 /* Assets.xcassets */; };
		324394811F34B69F00425249 /* LaunchScreen.storyboard in Resources */ = {isa = PBXBuildFile; fileRef = 3243947F1F34B69F00425249 /* LaunchScreen.storyboard */; };
		3261CFA51F39BFD90069F2C2 /* CreateEmployeeViewController.m in Sources */ = {isa = PBXBuildFile; fileRef = 3261CFA41F39BFD90069F2C2 /* CreateEmployeeViewController.m */; };
		32F56ABB1F41CDE50069DE76 /* Employee+Custom.m in Sources */ = {isa = PBXBuildFile; fileRef = 32F56AB91F41CAB70069DE76 /* Employee+Custom.m */; };
		32F56AC11F41D9E50069DE76 /* Employee+CoreDataClass.m in Sources */ = {isa = PBXBuildFile; fileRef = 32F56ABE1F41D9E50069DE76 /* Employee+CoreDataClass.m */; };
		32F56AC21F41D9E50069DE76 /* Employee+CoreDataProperties.m in Sources */ = {isa = PBXBuildFile; fileRef = 32F56AC01F41D9E50069DE76 /* Employee+CoreDataProperties.m */; };
		32F56AC51F41DB230069DE76 /* Organization+Custom.m in Sources */ = {isa = PBXBuildFile; fileRef = 32F56AC41F41DB230069DE76 /* Organization+Custom.m */; };
/* End PBXBuildFile section */

/* Begin PBXFileReference section */
		3209A1DD1F3DF92C00BDDEA6 /* Organization+CoreDataClass.h */ = {isa = PBXFileReference; fileEncoding = 4; lastKnownFileType = sourcecode.c.h; name = "Organization+CoreDataClass.h"; path = "Basic/Organization+CoreDataClass.h"; sourceTree = "<group>"; };
		3209A1DE1F3DF92C00BDDEA6 /* Organization+CoreDataClass.m */ = {isa = PBXFileReference; fileEncoding = 4; lastKnownFileType = sourcecode.c.objc; name = "Organization+CoreDataClass.m"; path = "Basic/Organization+CoreDataClass.m"; sourceTree = "<group>"; };
		3209A1DF1F3DF92C00BDDEA6 /* Organization+CoreDataProperties.h */ = {isa = PBXFileReference; fileEncoding = 4; lastKnownFileType = sourcecode.c.h; name = "Organization+CoreDataProperties.h"; path = "Basic/Organization+CoreDataProperties.h"; sourceTree = "<group>"; };
		3209A1E01F3DF92C00BDDEA6 /* Organization+CoreDataProperties.m */ = {isa = PBXFileReference; fileEncoding = 4; lastKnownFileType = sourcecode.c.objc; name = "Organization+CoreDataProperties.m"; path = "Basic/Organization+CoreDataProperties.m"; sourceTree = "<group>"; };
		32185B801F3865E70023AF95 /* MainViewController.h */ = {isa = PBXFileReference; fileEncoding = 4; lastKnownFileType = sourcecode.c.h; path = MainViewController.h; sourceTree = "<group>"; };
		32185B811F3865E70023AF95 /* MainViewController.m */ = {isa = PBXFileReference; fileEncoding = 4; lastKnownFileType = sourcecode.c.objc; path = MainViewController.m; sourceTree = "<group>"; };
		32185B831F3888A30023AF95 /* DetailViewController.h */ = {isa = PBXFileReference; fileEncoding = 4; lastKnownFileType = sourcecode.c.h; path = DetailViewController.h; sourceTree = "<group>"; };
		32185B841F3888A30023AF95 /* DetailViewController.m */ = {isa = PBXFileReference; fileEncoding = 4; lastKnownFileType = sourcecode.c.objc; path = DetailViewController.m; sourceTree = "<group>"; };
		3230A7601F3DAF3D00E68F5B /* Model.xcdatamodel */ = {isa = PBXFileReference; lastKnownFileType = wrapper.xcdatamodel; path = Model.xcdatamodel; sourceTree = "<group>"; };
		3243946E1F34B69F00425249 /* Basic.app */ = {isa = PBXFileReference; explicitFileType = wrapper.application; includeInIndex = 0; path = Basic.app; sourceTree = BUILT_PRODUCTS_DIR; };
		324394721F34B69F00425249 /* main.m */ = {isa = PBXFileReference; lastKnownFileType = sourcecode.c.objc; path = main.m; sourceTree = "<group>"; };
		324394741F34B69F00425249 /* AppDelegate.h */ = {isa = PBXFileReference; lastKnownFileType = sourcecode.c.h; path = AppDelegate.h; sourceTree = "<group>"; };
		324394751F34B69F00425249 /* AppDelegate.m */ = {isa = PBXFileReference; lastKnownFileType = sourcecode.c.objc; path = AppDelegate.m; sourceTree = "<group>"; };
		3243947B1F34B69F00425249 /* Base */ = {isa = PBXFileReference; lastKnownFileType = file.storyboard; name = Base; path = Base.lproj/Main.storyboard; sourceTree = "<group>"; };
		3243947D1F34B69F00425249 /* Assets.xcassets */ = {isa = PBXFileReference; lastKnownFileType = folder.assetcatalog; path = Assets.xcassets; sourceTree = "<group>"; };
		324394801F34B69F00425249 /* Base */ = {isa = PBXFileReference; lastKnownFileType = file.storyboard; name = Base; path = Base.lproj/LaunchScreen.storyboard; sourceTree = "<group>"; };
		324394821F34B69F00425249 /* Info.plist */ = {isa = PBXFileReference; lastKnownFileType = text.plist.xml; path = Info.plist; sourceTree = "<group>"; };
		3261CFA31F39BFD90069F2C2 /* CreateEmployeeViewController.h */ = {isa = PBXFileReference; fileEncoding = 4; lastKnownFileType = sourcecode.c.h; path = CreateEmployeeViewController.h; sourceTree = "<group>"; };
		3261CFA41F39BFD90069F2C2 /* CreateEmployeeViewController.m */ = {isa = PBXFileReference; fileEncoding = 4; lastKnownFileType = sourcecode.c.objc; path = CreateEmployeeViewController.m; sourceTree = "<group>"; };
		32F56AB81F41CAB70069DE76 /* Employee+Custom.h */ = {isa = PBXFileReference; fileEncoding = 4; lastKnownFileType = sourcecode.c.h; path = "Employee+Custom.h"; sourceTree = "<group>"; };
		32F56AB91F41CAB70069DE76 /* Employee+Custom.m */ = {isa = PBXFileReference; fileEncoding = 4; lastKnownFileType = sourcecode.c.objc; path = "Employee+Custom.m"; sourceTree = "<group>"; };
		32F56ABD1F41D9E50069DE76 /* Employee+CoreDataClass.h */ = {isa = PBXFileReference; fileEncoding = 4; lastKnownFileType = sourcecode.c.h; path = "Employee+CoreDataClass.h"; sourceTree = "<group>"; };
		32F56ABE1F41D9E50069DE76 /* Employee+CoreDataClass.m */ = {isa = PBXFileReference; fileEncoding = 4; lastKnownFileType = sourcecode.c.objc; path = "Employee+CoreDataClass.m"; sourceTree = "<group>"; };
		32F56ABF1F41D9E50069DE76 /* Employee+CoreDataProperties.h */ = {isa = PBXFileReference; fileEncoding = 4; lastKnownFileType = sourcecode.c.h; path = "Employee+CoreDataProperties.h"; sourceTree = "<group>"; };
		32F56AC01F41D9E50069DE76 /* Employee+CoreDataProperties.m */ = {isa = PBXFileReference; fileEncoding = 4; lastKnownFileType = sourcecode.c.objc; path = "Employee+CoreDataProperties.m"; sourceTree = "<group>"; };
		32F56AC31F41DB230069DE76 /* Organization+Custom.h */ = {isa = PBXFileReference; fileEncoding = 4; lastKnownFileType = sourcecode.c.h; path = "Organization+Custom.h"; sourceTree = "<group>"; };
		32F56AC41F41DB230069DE76 /* Organization+Custom.m */ = {isa = PBXFileReference; fileEncoding = 4; lastKnownFileType = sourcecode.c.objc; path = "Organization+Custom.m"; sourceTree = "<group>"; };
/* End PBXFileReference section */

/* Begin PBXFrameworksBuildPhase section */
		3243946B1F34B69F00425249 /* Frameworks */ = {
			isa = PBXFrameworksBuildPhase;
			buildActionMask = 2147483647;
			files = (
			);
			runOnlyForDeploymentPostprocessing = 0;
		};
/* End PBXFrameworksBuildPhase section */

/* Begin PBXGroup section */
		324394651F34B69F00425249 = {
			isa = PBXGroup;
			children = (
				32F56AC31F41DB230069DE76 /* Organization+Custom.h */,
				32F56AC41F41DB230069DE76 /* Organization+Custom.m */,
				32F56ABD1F41D9E50069DE76 /* Employee+CoreDataClass.h */,
				32F56ABE1F41D9E50069DE76 /* Employee+CoreDataClass.m */,
				32F56ABF1F41D9E50069DE76 /* Employee+CoreDataProperties.h */,
				32F56AC01F41D9E50069DE76 /* Employee+CoreDataProperties.m */,
				32F56AB81F41CAB70069DE76 /* Employee+Custom.h */,
				32F56AB91F41CAB70069DE76 /* Employee+Custom.m */,
				3209A1DD1F3DF92C00BDDEA6 /* Organization+CoreDataClass.h */,
				3209A1DE1F3DF92C00BDDEA6 /* Organization+CoreDataClass.m */,
				3209A1DF1F3DF92C00BDDEA6 /* Organization+CoreDataProperties.h */,
				3209A1E01F3DF92C00BDDEA6 /* Organization+CoreDataProperties.m */,
				324394701F34B69F00425249 /* Basic */,
				3243946F1F34B69F00425249 /* Products */,
			);
			sourceTree = "<group>";
		};
		3243946F1F34B69F00425249 /* Products */ = {
			isa = PBXGroup;
			children = (
				3243946E1F34B69F00425249 /* Basic.app */,
			);
			name = Products;
			sourceTree = "<group>";
		};
		324394701F34B69F00425249 /* Basic */ = {
			isa = PBXGroup;
			children = (
				3230A75F1F3DAF3D00E68F5B /* Model.xcdatamodeld */,
				32185B801F3865E70023AF95 /* MainViewController.h */,
				32185B811F3865E70023AF95 /* MainViewController.m */,
				32185B831F3888A30023AF95 /* DetailViewController.h */,
				32185B841F3888A30023AF95 /* DetailViewController.m */,
				3261CFA31F39BFD90069F2C2 /* CreateEmployeeViewController.h */,
				3261CFA41F39BFD90069F2C2 /* CreateEmployeeViewController.m */,
				324394741F34B69F00425249 /* AppDelegate.h */,
				324394751F34B69F00425249 /* AppDelegate.m */,
				3243947A1F34B69F00425249 /* Main.storyboard */,
				3243947D1F34B69F00425249 /* Assets.xcassets */,
				3243947F1F34B69F00425249 /* LaunchScreen.storyboard */,
				324394821F34B69F00425249 /* Info.plist */,
				324394711F34B69F00425249 /* Supporting Files */,
			);
			path = Basic;
			sourceTree = "<group>";
		};
		324394711F34B69F00425249 /* Supporting Files */ = {
			isa = PBXGroup;
			children = (
				324394721F34B69F00425249 /* main.m */,
			);
			name = "Supporting Files";
			sourceTree = "<group>";
		};
/* End PBXGroup section */

/* Begin PBXNativeTarget section */
		3243946D1F34B69F00425249 /* Basic */ = {
			isa = PBXNativeTarget;
			buildConfigurationList = 324394851F34B69F00425249 /* Build configuration list for PBXNativeTarget "Basic" */;
			buildPhases = (
				3243946A1F34B69F00425249 /* Sources */,
				3243946B1F34B69F00425249 /* Frameworks */,
				3243946C1F34B69F00425249 /* Resources */,
			);
			buildRules = (
			);
			dependencies = (
			);
			name = Basic;
			productName = Basic;
			productReference = 3243946E1F34B69F00425249 /* Basic.app */;
			productType = "com.apple.product-type.application";
		};
/* End PBXNativeTarget section */

/* Begin PBXProject section */
		324394661F34B69F00425249 /* Project object */ = {
			isa = PBXProject;
			attributes = {
				LastUpgradeCheck = 0830;
				ORGANIZATIONNAME = Dima;
				TargetAttributes = {
					3243946D1F34B69F00425249 = {
						CreatedOnToolsVersion = 8.3.3;
						ProvisioningStyle = Automatic;
					};
				};
			};
			buildConfigurationList = 324394691F34B69F00425249 /* Build configuration list for PBXProject "Basic" */;
			compatibilityVersion = "Xcode 3.2";
			developmentRegion = English;
			hasScannedForEncodings = 0;
			knownRegions = (
				en,
				Base,
			);
			mainGroup = 324394651F34B69F00425249;
			productRefGroup = 3243946F1F34B69F00425249 /* Products */;
			projectDirPath = "";
			projectRoot = "";
			targets = (
				3243946D1F34B69F00425249 /* Basic */,
			);
		};
/* End PBXProject section */

/* Begin PBXResourcesBuildPhase section */
		3243946C1F34B69F00425249 /* Resources */ = {
			isa = PBXResourcesBuildPhase;
			buildActionMask = 2147483647;
			files = (
				324394811F34B69F00425249 /* LaunchScreen.storyboard in Resources */,
				3243947E1F34B69F00425249 /* Assets.xcassets in Resources */,
				3243947C1F34B69F00425249 /* Main.storyboard in Resources */,
			);
			runOnlyForDeploymentPostprocessing = 0;
		};
/* End PBXResourcesBuildPhase section */

/* Begin PBXSourcesBuildPhase section */
		3243946A1F34B69F00425249 /* Sources */ = {
			isa = PBXSourcesBuildPhase;
			buildActionMask = 2147483647;
			files = (
				32F56ABB1F41CDE50069DE76 /* Employee+Custom.m in Sources */,
				324394761F34B69F00425249 /* AppDelegate.m in Sources */,
				3261CFA51F39BFD90069F2C2 /* CreateEmployeeViewController.m in Sources */,
				32F56AC51F41DB230069DE76 /* Organization+Custom.m in Sources */,
				3230A7611F3DAF3D00E68F5B /* Model.xcdatamodeld in Sources */,
				32F56AC21F41D9E50069DE76 /* Employee+CoreDataProperties.m in Sources */,
				324394731F34B69F00425249 /* main.m in Sources */,
				32185B821F3865E70023AF95 /* MainViewController.m in Sources */,
				3209A1E21F3DF92C00BDDEA6 /* Organization+CoreDataProperties.m in Sources */,
				32185B851F3888A30023AF95 /* DetailViewController.m in Sources */,
				3209A1E11F3DF92C00BDDEA6 /* Organization+CoreDataClass.m in Sources */,
				32F56AC11F41D9E50069DE76 /* Employee+CoreDataClass.m in Sources */,
			);
			runOnlyForDeploymentPostprocessing = 0;
		};
/* End PBXSourcesBuildPhase section */

/* Begin PBXVariantGroup section */
		3243947A1F34B69F00425249 /* Main.storyboard */ = {
			isa = PBXVariantGroup;
			children = (
				3243947B1F34B69F00425249 /* Base */,
			);
			name = Main.storyboard;
			sourceTree = "<group>";
		};
		3243947F1F34B69F00425249 /* LaunchScreen.storyboard */ = {
			isa = PBXVariantGroup;
			children = (
				324394801F34B69F00425249 /* Base */,
			);
			name = LaunchScreen.storyboard;
			sourceTree = "<group>";
		};
/* End PBXVariantGroup section */

/* Begin XCBuildConfiguration section */
		324394831F34B69F00425249 /* Debug */ = {
			isa = XCBuildConfiguration;
			buildSettings = {
				ALWAYS_SEARCH_USER_PATHS = NO;
				CLANG_ANALYZER_NONNULL = YES;
				CLANG_ANALYZER_NUMBER_OBJECT_CONVERSION = YES_AGGRESSIVE;
				CLANG_CXX_LANGUAGE_STANDARD = "gnu++0x";
				CLANG_CXX_LIBRARY = "libc++";
				CLANG_ENABLE_MODULES = YES;
				CLANG_ENABLE_OBJC_ARC = YES;
				CLANG_WARN_BOOL_CONVERSION = YES;
				CLANG_WARN_CONSTANT_CONVERSION = YES;
				CLANG_WARN_DIRECT_OBJC_ISA_USAGE = YES_ERROR;
				CLANG_WARN_DOCUMENTATION_COMMENTS = YES;
				CLANG_WARN_EMPTY_BODY = YES;
				CLANG_WARN_ENUM_CONVERSION = YES;
				CLANG_WARN_INFINITE_RECURSION = YES;
				CLANG_WARN_INT_CONVERSION = YES;
				CLANG_WARN_OBJC_ROOT_CLASS = YES_ERROR;
				CLANG_WARN_SUSPICIOUS_MOVE = YES;
				CLANG_WARN_UNREACHABLE_CODE = YES;
				CLANG_WARN__DUPLICATE_METHOD_MATCH = YES;
				"CODE_SIGN_IDENTITY[sdk=iphoneos*]" = "iPhone Developer";
				COPY_PHASE_STRIP = NO;
				DEBUG_INFORMATION_FORMAT = dwarf;
				ENABLE_STRICT_OBJC_MSGSEND = YES;
				ENABLE_TESTABILITY = YES;
				GCC_C_LANGUAGE_STANDARD = gnu99;
				GCC_DYNAMIC_NO_PIC = NO;
				GCC_NO_COMMON_BLOCKS = YES;
				GCC_OPTIMIZATION_LEVEL = 0;
				GCC_PREPROCESSOR_DEFINITIONS = (
					"DEBUG=1",
					"$(inherited)",
				);
				GCC_WARN_64_TO_32_BIT_CONVERSION = YES;
				GCC_WARN_ABOUT_RETURN_TYPE = YES_ERROR;
				GCC_WARN_UNDECLARED_SELECTOR = YES;
				GCC_WARN_UNINITIALIZED_AUTOS = YES_AGGRESSIVE;
				GCC_WARN_UNUSED_FUNCTION = YES;
				GCC_WARN_UNUSED_VARIABLE = YES;
				IPHONEOS_DEPLOYMENT_TARGET = 10.3;
				MTL_ENABLE_DEBUG_INFO = YES;
				ONLY_ACTIVE_ARCH = YES;
				SDKROOT = iphoneos;
			};
			name = Debug;
		};
		324394841F34B69F00425249 /* Release */ = {
			isa = XCBuildConfiguration;
			buildSettings = {
				ALWAYS_SEARCH_USER_PATHS = NO;
				CLANG_ANALYZER_NONNULL = YES;
				CLANG_ANALYZER_NUMBER_OBJECT_CONVERSION = YES_AGGRESSIVE;
				CLANG_CXX_LANGUAGE_STANDARD = "gnu++0x";
				CLANG_CXX_LIBRARY = "libc++";
				CLANG_ENABLE_MODULES = YES;
				CLANG_ENABLE_OBJC_ARC = YES;
				CLANG_WARN_BOOL_CONVERSION = YES;
				CLANG_WARN_CONSTANT_CONVERSION = YES;
				CLANG_WARN_DIRECT_OBJC_ISA_USAGE = YES_ERROR;
				CLANG_WARN_DOCUMENTATION_COMMENTS = YES;
				CLANG_WARN_EMPTY_BODY = YES;
				CLANG_WARN_ENUM_CONVERSION = YES;
				CLANG_WARN_INFINITE_RECURSION = YES;
				CLANG_WARN_INT_CONVERSION = YES;
				CLANG_WARN_OBJC_ROOT_CLASS = YES_ERROR;
				CLANG_WARN_SUSPICIOUS_MOVE = YES;
				CLANG_WARN_UNREACHABLE_CODE = YES;
				CLANG_WARN__DUPLICATE_METHOD_MATCH = YES;
				"CODE_SIGN_IDENTITY[sdk=iphoneos*]" = "iPhone Developer";
				COPY_PHASE_STRIP = NO;
				DEBUG_INFORMATION_FORMAT = "dwarf-with-dsym";
				ENABLE_NS_ASSERTIONS = NO;
				ENABLE_STRICT_OBJC_MSGSEND = YES;
				GCC_C_LANGUAGE_STANDARD = gnu99;
				GCC_NO_COMMON_BLOCKS = YES;
				GCC_WARN_64_TO_32_BIT_CONVERSION = YES;
				GCC_WARN_ABOUT_RETURN_TYPE = YES_ERROR;
				GCC_WARN_UNDECLARED_SELECTOR = YES;
				GCC_WARN_UNINITIALIZED_AUTOS = YES_AGGRESSIVE;
				GCC_WARN_UNUSED_FUNCTION = YES;
				GCC_WARN_UNUSED_VARIABLE = YES;
				IPHONEOS_DEPLOYMENT_TARGET = 10.3;
				MTL_ENABLE_DEBUG_INFO = NO;
				SDKROOT = iphoneos;
				VALIDATE_PRODUCT = YES;
			};
			name = Release;
		};
		324394861F34B69F00425249 /* Debug */ = {
			isa = XCBuildConfiguration;
			buildSettings = {
				ASSETCATALOG_COMPILER_APPICON_NAME = AppIcon;
				INFOPLIST_FILE = Basic/Info.plist;
				LD_RUNPATH_SEARCH_PATHS = "$(inherited) @executable_path/Frameworks";
				PRODUCT_BUNDLE_IDENTIFIER = app.Basic;
				PRODUCT_NAME = "$(TARGET_NAME)";
				TARGETED_DEVICE_FAMILY = "1,2";
			};
			name = Debug;
		};
		324394871F34B69F00425249 /* Release */ = {
			isa = XCBuildConfiguration;
			buildSettings = {
				ASSETCATALOG_COMPILER_APPICON_NAME = AppIcon;
				INFOPLIST_FILE = Basic/Info.plist;
				LD_RUNPATH_SEARCH_PATHS = "$(inherited) @executable_path/Frameworks";
				PRODUCT_BUNDLE_IDENTIFIER = app.Basic;
				PRODUCT_NAME = "$(TARGET_NAME)";
				TARGETED_DEVICE_FAMILY = "1,2";
			};
			name = Release;
		};
/* End XCBuildConfiguration section */

/* Begin XCConfigurationList section */
		324394691F34B69F00425249 /* Build configuration list for PBXProject "Basic" */ = {
			isa = XCConfigurationList;
			buildConfigurations = (
				324394831F34B69F00425249 /* Debug */,
				324394841F34B69F00425249 /* Release */,
			);
			defaultConfigurationIsVisible = 0;
			defaultConfigurationName = Release;
		};
		324394851F34B69F00425249 /* Build configuration list for PBXNativeTarget "Basic" */ = {
			isa = XCConfigurationList;
			buildConfigurations = (
				324394861F34B69F00425249 /* Debug */,
				324394871F34B69F00425249 /* Release */,
			);
			defaultConfigurationIsVisible = 0;
			defaultConfigurationName = Release;
		};
/* End XCConfigurationList section */

/* Begin XCVersionGroup section */
		3230A75F1F3DAF3D00E68F5B /* Model.xcdatamodeld */ = {
			isa = XCVersionGroup;
			children = (
				3230A7601F3DAF3D00E68F5B /* Model.xcdatamodel */,
			);
			currentVersion = 3230A7601F3DAF3D00E68F5B /* Model.xcdatamodel */;
			path = Model.xcdatamodeld;
			sourceTree = "<group>";
			versionGroupType = wrapper.xcdatamodel;
		};
/* End XCVersionGroup section */
	};
	rootObject = 324394661F34B69F00425249 /* Project object */;
}
